
Microsoft Visual Studio Solution File, Format Version 12.00
# Visual Studio Version 17
VisualStudioVersion = 17.12.35527.113
MinimumVisualStudioVersion = 10.0.40219.1
Project("{FAE04EC0-301F-11D3-BF4B-00C04F79EFBC}") = "HotelRoomManager.API", "HotelRoomManager.API\HotelRoomManager.API.csproj", "{7E3C8DC8-7DD4-4E70-BD7B-B55B749F7E99}"
EndProject
Project("{FAE04EC0-301F-11D3-BF4B-00C04F79EFBC}") = "HotelRoomManager.Application", "HotelRoomManager.Application\HotelRoomManager.Application.csproj", "{AB881B0C-CC4D-4518-86FE-6F716979A844}"
EndProject
Project("{FAE04EC0-301F-11D3-BF4B-00C04F79EFBC}") = "HotelRoomManager.Infrastructure", "HotelRoomManager.Infrastructure\HotelRoomManager.Infrastructure.csproj", "{B5D48213-39C1-4E91-B801-4AD0084D85C8}"
EndProject
Project("{FAE04EC0-301F-11D3-BF4B-00C04F79EFBC}") = "HotelRoomManager.Domain", "HotelRoomManager.Domain\HotelRoomManager.Domain.csproj", "{654E973B-0012-4476-81D0-49A5FE5402CC}"
EndProject
Project("{2150E333-8FDC-42A3-9474-1A3956D46DE8}") = "src", "src", "{DB1BDC73-51B4-4A8E-A5FB-F81CB0E05B60}"
EndProject
Project("{2150E333-8FDC-42A3-9474-1A3956D46DE8}") = "tests", "tests", "{2EF42821-A309-4848-9B74-89B979246787}"
EndProject
Project("{FAE04EC0-301F-11D3-BF4B-00C04F79EFBC}") = "HotelRoomManager.Tests", "HotelRoomManager.Tests\HotelRoomManager.Tests.csproj", "{B5003374-7B39-40CC-90EB-BF607ABF433D}"
EndProject
Global
	GlobalSection(SolutionConfigurationPlatforms) = preSolution
		Debug|Any CPU = Debug|Any CPU
		Release|Any CPU = Release|Any CPU
	EndGlobalSection
	GlobalSection(ProjectConfigurationPlatforms) = postSolution
		{7E3C8DC8-7DD4-4E70-BD7B-B55B749F7E99}.Debug|Any CPU.ActiveCfg = Debug|Any CPU
		{7E3C8DC8-7DD4-4E70-BD7B-B55B749F7E99}.Debug|Any CPU.Build.0 = Debug|Any CPU
		{7E3C8DC8-7DD4-4E70-BD7B-B55B749F7E99}.Release|Any CPU.ActiveCfg = Release|Any CPU
		{7E3C8DC8-7DD4-4E70-BD7B-B55B749F7E99}.Release|Any CPU.Build.0 = Release|Any CPU
		{AB881B0C-CC4D-4518-86FE-6F716979A844}.Debug|Any CPU.ActiveCfg = Debug|Any CPU
		{AB881B0C-CC4D-4518-86FE-6F716979A844}.Debug|Any CPU.Build.0 = Debug|Any CPU
		{AB881B0C-CC4D-4518-86FE-6F716979A844}.Release|Any CPU.ActiveCfg = Release|Any CPU
		{AB881B0C-CC4D-4518-86FE-6F716979A844}.Release|Any CPU.Build.0 = Release|Any CPU
		{B5D48213-39C1-4E91-B801-4AD0084D85C8}.Debug|Any CPU.ActiveCfg = Debug|Any CPU
		{B5D48213-39C1-4E91-B801-4AD0084D85C8}.Debug|Any CPU.Build.0 = Debug|Any CPU
		{B5D48213-39C1-4E91-B801-4AD0084D85C8}.Release|Any CPU.ActiveCfg = Release|Any CPU
		{B5D48213-39C1-4E91-B801-4AD0084D85C8}.Release|Any CPU.Build.0 = Release|Any CPU
		{654E973B-0012-4476-81D0-49A5FE5402CC}.Debug|Any CPU.ActiveCfg = Debug|Any CPU
		{654E973B-0012-4476-81D0-49A5FE5402CC}.Debug|Any CPU.Build.0 = Debug|Any CPU
		{654E973B-0012-4476-81D0-49A5FE5402CC}.Release|Any CPU.ActiveCfg = Release|Any CPU
		{654E973B-0012-4476-81D0-49A5FE5402CC}.Release|Any CPU.Build.0 = Release|Any CPU
		{B5003374-7B39-40CC-90EB-BF607ABF433D}.Debug|Any CPU.ActiveCfg = Debug|Any CPU
		{B5003374-7B39-40CC-90EB-BF607ABF433D}.Debug|Any CPU.Build.0 = Debug|Any CPU
		{B5003374-7B39-40CC-90EB-BF607ABF433D}.Release|Any CPU.ActiveCfg = Release|Any CPU
		{B5003374-7B39-40CC-90EB-BF607ABF433D}.Release|Any CPU.Build.0 = Release|Any CPU
	EndGlobalSection
	GlobalSection(SolutionProperties) = preSolution
		HideSolutionNode = FALSE
	EndGlobalSection
	GlobalSection(NestedProjects) = preSolution
		{7E3C8DC8-7DD4-4E70-BD7B-B55B749F7E99} = {DB1BDC73-51B4-4A8E-A5FB-F81CB0E05B60}
		{AB881B0C-CC4D-4518-86FE-6F716979A844} = {DB1BDC73-51B4-4A8E-A5FB-F81CB0E05B60}
		{B5D48213-39C1-4E91-B801-4AD0084D85C8} = {DB1BDC73-51B4-4A8E-A5FB-F81CB0E05B60}
		{654E973B-0012-4476-81D0-49A5FE5402CC} = {DB1BDC73-51B4-4A8E-A5FB-F81CB0E05B60}
		{B5003374-7B39-40CC-90EB-BF607ABF433D} = {2EF42821-A309-4848-9B74-89B979246787}
	EndGlobalSection
EndGlobal
